{
  "format_version": 3,
  "reproducible": true,
  "dependencies": {
    "ffrwd/mask_tools": "1.0.0"
  },
  "packages": [
    {
      "kind": "registry",
      "name": "ffrwd/mask_tools",
      "version": "1.0.0",
      "sha256": "8f9cac1ed83e81564e37ee1805dee0a97bb45beaace43b7f58a0317cc69f70fc",
      "store": "v1/8f/8f9cac1ed83e81564e37ee1805dee0a97bb45beaace43b7f58a0317cc69f70fc"
    }
  ]
}
