{
  "format_version": 3,
  "reproducible": true,
  "dependencies": {
    "ffrwd/wasm": "0.15.0"
  },
  "packages": [
    {
      "kind": "registry",
      "name": "ffrwd/wasm",
      "version": "0.15.0",
      "sha256": "0942300729e217d46f5eb22504b920cfa8cf465e7e031307a636a1da7f9bc836",
      "store": "v1/09/0942300729e217d46f5eb22504b920cfa8cf465e7e031307a636a1da7f9bc836"
    }
  ]
}
