{
  "format_version": 3,
  "reproducible": true,
  "dependencies": {
    "ffrwd/wasm": "0.14.0"
  },
  "packages": [
    {
      "kind": "registry",
      "name": "ffrwd/wasm",
      "version": "0.14.0",
      "sha256": "4a638c3b7f5492add09467bb08ce3b48a6dfe65fed38966756e8579fb3419e9c",
      "store": "v1/4a/4a638c3b7f5492add09467bb08ce3b48a6dfe65fed38966756e8579fb3419e9c"
    }
  ]
}
